// !$*UTF8*$!
{
	archiveVersion = 1;
	classes = {
	};
	objectVersion = 56;
	objects = {

/* Begin PBXBuildFile section */
		39210FAE2A7150C400C0F690 /* AppDelegate.swift in Sources */ = {isa = PBXBuildFile; fileRef = 39210FAD2A7150C400C0F690 /* AppDelegate.swift */; };
		39210FB02A7150C400C0F690 /* SceneDelegate.swift in Sources */ = {isa = PBXBuildFile; fileRef = 39210FAF2A7150C400C0F690 /* SceneDelegate.swift */; };
		39210FB22A7150C400C0F690 /* ViewController.swift in Sources */ = {isa = PBXBuildFile; fileRef = 39210FB12A7150C400C0F690 /* ViewController.swift */; };
		39210FB52A7150C400C0F690 /* Main.storyboard in Resources */ = {isa = PBXBuildFile; fileRef = 39210FB32A7150C400C0F690 /* Main.storyboard */; };
		39210FB72A7150C500C0F690 /* Assets.xcassets in Resources */ = {isa = PBXBuildFile; fileRef = 39210FB62A7150C500C0F690 /* Assets.xcassets */; };
		39210FBA2A7150C500C0F690 /* LaunchScreen.storyboard in Resources */ = {isa = PBXBuildFile; fileRef = 39210FB82A7150C500C0F690 /* LaunchScreen.storyboard */; };
		39210FC22A71BA0A00C0F690 /* dice_sound.mp3 in Resources */ = {isa = PBXBuildFile; fileRef = 39210FC12A71BA0A00C0F690 /* dice_sound.mp3 */; };
		39210FC42A71BEC500C0F690 /* win_sound.mp3 in Resources */ = {isa = PBXBuildFile; fileRef = 39210FC32A71BEC500C0F690 /* win_sound.mp3 */; };
/* End PBXBuildFile section */

/* Begin PBXFileReference section */
		39210FAA2A7150C400C0F690 /* Backgammon Dice.app */ = {isa = PBXFileReference; explicitFileType = wrapper.application; includeInIndex = 0; path = "Backgammon Dice.app"; sourceTree = BUILT_PRODUCTS_DIR; };
		39210FAD2A7150C400C0F690 /* AppDelegate.swift */ = {isa = PBXFileReference; lastKnownFileType = sourcecode.swift; path = AppDelegate.swift; sourceTree = "<group>"; };
		39210FAF2A7150C400C0F690 /* SceneDelegate.swift */ = {isa = PBXFileReference; lastKnownFileType = sourcecode.swift; path = SceneDelegate.swift; sourceTree = "<group>"; };
		39210FB12A7150C400C0F690 /* ViewController.swift */ = {isa = PBXFileReference; lastKnownFileType = sourcecode.swift; path = ViewController.swift; sourceTree = "<group>"; };
		39210FB42A7150C400C0F690 /* Base */ = {isa = PBXFileReference; lastKnownFileType = file.storyboard; name = Base; path = Base.lproj/Main.storyboard; sourceTree = "<group>"; };
		39210FB62A7150C500C0F690 /* Assets.xcassets */ = {isa = PBXFileReference; lastKnownFileType = folder.assetcatalog; path = Assets.xcassets; sourceTree = "<group>"; };
		39210FB92A7150C500C0F690 /* Base */ = {isa = PBXFileReference; lastKnownFileType = file.storyboard; name = Base; path = Base.lproj/LaunchScreen.storyboard; sourceTree = "<group>"; };
		39210FBB2A7150C500C0F690 /* Info.plist */ = {isa = PBXFileReference; lastKnownFileType = text.plist.xml; path = Info.plist; sourceTree = "<group>"; };
		39210FC12A71BA0A00C0F690 /* dice_sound.mp3 */ = {isa = PBXFileReference; lastKnownFileType = audio.mp3; path = dice_sound.mp3; sourceTree = "<group>"; };
		39210FC32A71BEC500C0F690 /* win_sound.mp3 */ = {isa = PBXFileReference; lastKnownFileType = audio.mp3; path = win_sound.mp3; sourceTree = "<group>"; };
/* End PBXFileReference section */

/* Begin PBXFrameworksBuildPhase section */
		39210FA72A7150C400C0F690 /* Frameworks */ = {
			isa = PBXFrameworksBuildPhase;
			buildActionMask = 2147483647;
			files = (
			);
			runOnlyForDeploymentPostprocessing = 0;
		};
/* End PBXFrameworksBuildPhase section */

/* Begin PBXGroup section */
		39210FA12A7150C300C0F690 = {
			isa = PBXGroup;
			children = (
				39210FAC2A7150C400C0F690 /* Backgammon Dice */,
				39210FAB2A7150C400C0F690 /* Products */,
			);
			sourceTree = "<group>";
		};
		39210FAB2A7150C400C0F690 /* Products */ = {
			isa = PBXGroup;
			children = (
				39210FAA2A7150C400C0F690 /* Backgammon Dice.app */,
			);
			name = Products;
			sourceTree = "<group>";
		};
		39210FAC2A7150C400C0F690 /* Backgammon Dice */ = {
			isa = PBXGroup;
			children = (
				39210FAD2A7150C400C0F690 /* AppDelegate.swift */,
				39210FAF2A7150C400C0F690 /* SceneDelegate.swift */,
				39210FB12A7150C400C0F690 /* ViewController.swift */,
				39210FB32A7150C400C0F690 /* Main.storyboard */,
				39210FB62A7150C500C0F690 /* Assets.xcassets */,
				39210FB82A7150C500C0F690 /* LaunchScreen.storyboard */,
				39210FBB2A7150C500C0F690 /* Info.plist */,
				39210FC12A71BA0A00C0F690 /* dice_sound.mp3 */,
				39210FC32A71BEC500C0F690 /* win_sound.mp3 */,
			);
			path = "Backgammon Dice";
			sourceTree = "<group>";
		};
/* End PBXGroup section */

/* Begin PBXNativeTarget section */
		39210FA92A7150C400C0F690 /* Backgammon Dice */ = {
			isa = PBXNativeTarget;
			buildConfigurationList = 39210FBE2A7150C500C0F690 /* Build configuration list for PBXNativeTarget "Backgammon Dice" */;
			buildPhases = (
				39210FA62A7150C400C0F690 /* Sources */,
				39210FA72A7150C400C0F690 /* Frameworks */,
				39210FA82A7150C400C0F690 /* Resources */,
			);
			buildRules = (
			);
			dependencies = (
			);
			name = "Backgammon Dice";
			productName = "Backgammon Dice";
			productReference = 39210FAA2A7150C400C0F690 /* Backgammon Dice.app */;
			productType = "com.apple.product-type.application";
		};
/* End PBXNativeTarget section */

/* Begin PBXProject section */
		39210FA22A7150C300C0F690 /* Project object */ = {
			isa = PBXProject;
			attributes = {
				BuildIndependentTargetsInParallel = 1;
				LastSwiftUpdateCheck = 1430;
				LastUpgradeCheck = 1430;
				TargetAttributes = {
					39210FA92A7150C400C0F690 = {
						CreatedOnToolsVersion = 14.3.1;
					};
				};
			};
			buildConfigurationList = 39210FA52A7150C300C0F690 /* Build configuration list for PBXProject "Backgammon Dice" */;
			compatibilityVersion = "Xcode 14.0";
			developmentRegion = en;
			hasScannedForEncodings = 0;
			knownRegions = (
				en,
				Base,
			);
			mainGroup = 39210FA12A7150C300C0F690;
			productRefGroup = 39210FAB2A7150C400C0F690 /* Products */;
			projectDirPath = "";
			projectRoot = "";
			targets = (
				39210FA92A7150C400C0F690 /* Backgammon Dice */,
			);
		};
/* End PBXProject section */

/* Begin PBXResourcesBuildPhase section */
		39210FA82A7150C400C0F690 /* Resources */ = {
			isa = PBXResourcesBuildPhase;
			buildActionMask = 2147483647;
			files = (
				39210FBA2A7150C500C0F690 /* LaunchScreen.storyboard in Resources */,
				39210FC22A71BA0A00C0F690 /* dice_sound.mp3 in Resources */,
				39210FB72A7150C500C0F690 /* Assets.xcassets in Resources */,
				39210FB52A7150C400C0F690 /* Main.storyboard in Resources */,
				39210FC42A71BEC500C0F690 /* win_sound.mp3 in Resources */,
			);
			runOnlyForDeploymentPostprocessing = 0;
		};
/* End PBXResourcesBuildPhase section */

/* Begin PBXSourcesBuildPhase section */
		39210FA62A7150C400C0F690 /* Sources */ = {
			isa = PBXSourcesBuildPhase;
			buildActionMask = 2147483647;
			files = (
				39210FB22A7150C400C0F690 /* ViewController.swift in Sources */,
				39210FAE2A7150C400C0F690 /* AppDelegate.swift in Sources */,
				39210FB02A7150C400C0F690 /* SceneDelegate.swift in Sources */,
			);
			runOnlyForDeploymentPostprocessing = 0;
		};
/* End PBXSourcesBuildPhase section */

/* Begin PBXVariantGroup section */
		39210FB32A7150C400C0F690 /* Main.storyboard */ = {
			isa = PBXVariantGroup;
			children = (
				39210FB42A7150C400C0F690 /* Base */,
			);
			name = Main.storyboard;
			sourceTree = "<group>";
		};
		39210FB82A7150C500C0F690 /* LaunchScreen.storyboard */ = {
			isa = PBXVariantGroup;
			children = (
				39210FB92A7150C500C0F690 /* Base */,
			);
			name = LaunchScreen.storyboard;
			sourceTree = "<group>";
		};
/* End PBXVariantGroup section */

/* Begin XCBuildConfiguration section */
		39210FBC2A7150C500C0F690 /* Debug */ = {
			isa = XCBuildConfiguration;
			buildSettings = {
				ALWAYS_SEARCH_USER_PATHS = NO;
				CLANG_ANALYZER_NONNULL = YES;
				CLANG_ANALYZER_NUMBER_OBJECT_CONVERSION = YES_AGGRESSIVE;
				CLANG_CXX_LANGUAGE_STANDARD = "gnu++20";
				CLANG_ENABLE_MODULES = YES;
				CLANG_ENABLE_OBJC_ARC = YES;
				CLANG_ENABLE_OBJC_WEAK = YES;
				CLANG_WARN_BLOCK_CAPTURE_AUTORELEASING = YES;
				CLANG_WARN_BOOL_CONVERSION = YES;
				CLANG_WARN_COMMA = YES;
				CLANG_WARN_CONSTANT_CONVERSION = YES;
				CLANG_WARN_DEPRECATED_OBJC_IMPLEMENTATIONS = YES;
				CLANG_WARN_DIRECT_OBJC_ISA_USAGE = YES_ERROR;
				CLANG_WARN_DOCUMENTATION_COMMENTS = YES;
				CLANG_WARN_EMPTY_BODY = YES;
				CLANG_WARN_ENUM_CONVERSION = YES;
				CLANG_WARN_INFINITE_RECURSION = YES;
				CLANG_WARN_INT_CONVERSION = YES;
				CLANG_WARN_NON_LITERAL_NULL_CONVERSION = YES;
				CLANG_WARN_OBJC_IMPLICIT_RETAIN_SELF = YES;
				CLANG_WARN_OBJC_LITERAL_CONVERSION = YES;
				CLANG_WARN_OBJC_ROOT_CLASS = YES_ERROR;
				CLANG_WARN_QUOTED_INCLUDE_IN_FRAMEWORK_HEADER = YES;
				CLANG_WARN_RANGE_LOOP_ANALYSIS = YES;
				CLANG_WARN_STRICT_PROTOTYPES = YES;
				CLANG_WARN_SUSPICIOUS_MOVE = YES;
				CLANG_WARN_UNGUARDED_AVAILABILITY = YES_AGGRESSIVE;
				CLANG_WARN_UNREACHABLE_CODE = YES;
				CLANG_WARN__DUPLICATE_METHOD_MATCH = YES;
				COPY_PHASE_STRIP = NO;
				DEBUG_INFORMATION_FORMAT = dwarf;
				ENABLE_STRICT_OBJC_MSGSEND = YES;
				ENABLE_TESTABILITY = YES;
				GCC_C_LANGUAGE_STANDARD = gnu11;
				GCC_DYNAMIC_NO_PIC = NO;
				GCC_NO_COMMON_BLOCKS = YES;
				GCC_OPTIMIZATION_LEVEL = 0;
				GCC_PREPROCESSOR_DEFINITIONS = (
					"DEBUG=1",
					"$(inherited)",
				);
				GCC_WARN_64_TO_32_BIT_CONVERSION = YES;
				GCC_WARN_ABOUT_RETURN_TYPE = YES_ERROR;
				GCC_WARN_UNDECLARED_SELECTOR = YES;
				GCC_WARN_UNINITIALIZED_AUTOS = YES_AGGRESSIVE;
				GCC_WARN_UNUSED_FUNCTION = YES;
				GCC_WARN_UNUSED_VARIABLE = YES;
				IPHONEOS_DEPLOYMENT_TARGET = 16.0;
				MTL_ENABLE_DEBUG_INFO = INCLUDE_SOURCE;
				MTL_FAST_MATH = YES;
				ONLY_ACTIVE_ARCH = YES;
				SDKROOT = iphoneos;
				SWIFT_ACTIVE_COMPILATION_CONDITIONS = DEBUG;
				SWIFT_OPTIMIZATION_LEVEL = "-Onone";
			};
			name = Debug;
		};
		39210FBD2A7150C500C0F690 /* Release */ = {
			isa = XCBuildConfiguration;
			buildSettings = {
				ALWAYS_SEARCH_USER_PATHS = NO;
				CLANG_ANALYZER_NONNULL = YES;
				CLANG_ANALYZER_NUMBER_OBJECT_CONVERSION = YES_AGGRESSIVE;
				CLANG_CXX_LANGUAGE_STANDARD = "gnu++20";
				CLANG_ENABLE_MODULES = YES;
				CLANG_ENABLE_OBJC_ARC = YES;
				CLANG_ENABLE_OBJC_WEAK = YES;
				CLANG_WARN_BLOCK_CAPTURE_AUTORELEASING = YES;
				CLANG_WARN_BOOL_CONVERSION = YES;
				CLANG_WARN_COMMA = YES;
				CLANG_WARN_CONSTANT_CONVERSION = YES;
				CLANG_WARN_DEPRECATED_OBJC_IMPLEMENTATIONS = YES;
				CLANG_WARN_DIRECT_OBJC_ISA_USAGE = YES_ERROR;
				CLANG_WARN_DOCUMENTATION_COMMENTS = YES;
				CLANG_WARN_EMPTY_BODY = YES;
				CLANG_WARN_ENUM_CONVERSION = YES;
				CLANG_WARN_INFINITE_RECURSION = YES;
				CLANG_WARN_INT_CONVERSION = YES;
				CLANG_WARN_NON_LITERAL_NULL_CONVERSION = YES;
				CLANG_WARN_OBJC_IMPLICIT_RETAIN_SELF = YES;
				CLANG_WARN_OBJC_LITERAL_CONVERSION = YES;
				CLANG_WARN_OBJC_ROOT_CLASS = YES_ERROR;
				CLANG_WARN_QUOTED_INCLUDE_IN_FRAMEWORK_HEADER = YES;
				CLANG_WARN_RANGE_LOOP_ANALYSIS = YES;
				CLANG_WARN_STRICT_PROTOTYPES = YES;
				CLANG_WARN_SUSPICIOUS_MOVE = YES;
				CLANG_WARN_UNGUARDED_AVAILABILITY = YES_AGGRESSIVE;
				CLANG_WARN_UNREACHABLE_CODE = YES;
				CLANG_WARN__DUPLICATE_METHOD_MATCH = YES;
				COPY_PHASE_STRIP = NO;
				DEBUG_INFORMATION_FORMAT = "dwarf-with-dsym";
				ENABLE_NS_ASSERTIONS = NO;
				ENABLE_STRICT_OBJC_MSGSEND = YES;
				GCC_C_LANGUAGE_STANDARD = gnu11;
				GCC_NO_COMMON_BLOCKS = YES;
				GCC_WARN_64_TO_32_BIT_CONVERSION = YES;
				GCC_WARN_ABOUT_RETURN_TYPE = YES_ERROR;
				GCC_WARN_UNDECLARED_SELECTOR = YES;
				GCC_WARN_UNINITIALIZED_AUTOS = YES_AGGRESSIVE;
				GCC_WARN_UNUSED_FUNCTION = YES;
				GCC_WARN_UNUSED_VARIABLE = YES;
				IPHONEOS_DEPLOYMENT_TARGET = 16.0;
				MTL_ENABLE_DEBUG_INFO = NO;
				MTL_FAST_MATH = YES;
				SDKROOT = iphoneos;
				SWIFT_COMPILATION_MODE = wholemodule;
				SWIFT_OPTIMIZATION_LEVEL = "-O";
				VALIDATE_PRODUCT = YES;
			};
			name = Release;
		};
		39210FBF2A7150C500C0F690 /* Debug */ = {
			isa = XCBuildConfiguration;
			buildSettings = {
				ASSETCATALOG_COMPILER_APPICON_NAME = AppIcon;
				ASSETCATALOG_COMPILER_GLOBAL_ACCENT_COLOR_NAME = AccentColor;
				CODE_SIGN_STYLE = Automatic;
				CURRENT_PROJECT_VERSION = 1;
				DEVELOPMENT_TEAM = M537FVXGVM;
				GENERATE_INFOPLIST_FILE = YES;
				INFOPLIST_FILE = "Backgammon Dice/Info.plist";
				INFOPLIST_KEY_CFBundleDisplayName = "Dice Backgramoon";
				INFOPLIST_KEY_LSApplicationCategoryType = "public.app-category.games";
				INFOPLIST_KEY_UIApplicationSupportsIndirectInputEvents = YES;
				INFOPLIST_KEY_UILaunchStoryboardName = LaunchScreen;
				INFOPLIST_KEY_UIMainStoryboardFile = Main;
				INFOPLIST_KEY_UISupportedInterfaceOrientations_iPad = "UIInterfaceOrientationPortrait UIInterfaceOrientationPortraitUpsideDown UIInterfaceOrientationLandscapeLeft UIInterfaceOrientationLandscapeRight";
				INFOPLIST_KEY_UISupportedInterfaceOrientations_iPhone = "UIInterfaceOrientationPortrait UIInterfaceOrientationLandscapeLeft UIInterfaceOrientationLandscapeRight";
				IPHONEOS_DEPLOYMENT_TARGET = 16.0;
				LD_RUNPATH_SEARCH_PATHS = (
					"$(inherited)",
					"@executable_path/Frameworks",
				);
				MARKETING_VERSION = 1.0;
				PRODUCT_BUNDLE_IDENTIFIER = "com.Backgammon-Dice.sattaroff.Backgammon-Dice";
				PRODUCT_NAME = "$(TARGET_NAME)";
				SWIFT_EMIT_LOC_STRINGS = YES;
				SWIFT_VERSION = 5.0;
				TARGETED_DEVICE_FAMILY = "1,2";
			};
			name = Debug;
		};
		39210FC02A7150C500C0F690 /* Release */ = {
			isa = XCBuildConfiguration;
			buildSettings = {
				ASSETCATALOG_COMPILER_APPICON_NAME = AppIcon;
				ASSETCATALOG_COMPILER_GLOBAL_ACCENT_COLOR_NAME = AccentColor;
				CODE_SIGN_STYLE = Automatic;
				CURRENT_PROJECT_VERSION = 1;
				DEVELOPMENT_TEAM = M537FVXGVM;
				GENERATE_INFOPLIST_FILE = YES;
				INFOPLIST_FILE = "Backgammon Dice/Info.plist";
				INFOPLIST_KEY_CFBundleDisplayName = "Dice Backgramoon";
				INFOPLIST_KEY_LSApplicationCategoryType = "public.app-category.games";
				INFOPLIST_KEY_UIApplicationSupportsIndirectInputEvents = YES;
				INFOPLIST_KEY_UILaunchStoryboardName = LaunchScreen;
				INFOPLIST_KEY_UIMainStoryboardFile = Main;
				INFOPLIST_KEY_UISupportedInterfaceOrientations_iPad = "UIInterfaceOrientationPortrait UIInterfaceOrientationPortraitUpsideDown UIInterfaceOrientationLandscapeLeft UIInterfaceOrientationLandscapeRight";
				INFOPLIST_KEY_UISupportedInterfaceOrientations_iPhone = "UIInterfaceOrientationPortrait UIInterfaceOrientationLandscapeLeft UIInterfaceOrientationLandscapeRight";
				IPHONEOS_DEPLOYMENT_TARGET = 16.0;
				LD_RUNPATH_SEARCH_PATHS = (
					"$(inherited)",
					"@executable_path/Frameworks",
				);
				MARKETING_VERSION = 1.0;
				PRODUCT_BUNDLE_IDENTIFIER = "com.Backgammon-Dice.sattaroff.Backgammon-Dice";
				PRODUCT_NAME = "$(TARGET_NAME)";
				SWIFT_EMIT_LOC_STRINGS = YES;
				SWIFT_VERSION = 5.0;
				TARGETED_DEVICE_FAMILY = "1,2";
			};
			name = Release;
		};
/* End XCBuildConfiguration section */

/* Begin XCConfigurationList section */
		39210FA52A7150C300C0F690 /* Build configuration list for PBXProject "Backgammon Dice" */ = {
			isa = XCConfigurationList;
			buildConfigurations = (
				39210FBC2A7150C500C0F690 /* Debug */,
				39210FBD2A7150C500C0F690 /* Release */,
			);
			defaultConfigurationIsVisible = 0;
			defaultConfigurationName = Release;
		};
		39210FBE2A7150C500C0F690 /* Build configuration list for PBXNativeTarget "Backgammon Dice" */ = {
			isa = XCConfigurationList;
			buildConfigurations = (
				39210FBF2A7150C500C0F690 /* Debug */,
				39210FC02A7150C500C0F690 /* Release */,
			);
			defaultConfigurationIsVisible = 0;
			defaultConfigurationName = Release;
		};
/* End XCConfigurationList section */
	};
	rootObject = 39210FA22A7150C300C0F690 /* Project object */;
}
